{
  "requires": true,
  "lockfileVersion": 1,
  "dependencies": {
    "mongoose-to-swagger": {
      "version": "0.0.4",
      "resolved": "https://registry.npmjs.org/mongoose-to-swagger/-/mongoose-to-swagger-0.0.4.tgz",
      "integrity": "sha512-Pfa//lKop2sngZt0+O86O0KlX0xb4npcpEd2N8V8s5CvfzvHZ1co2kLR+wCalWtf+bG5flhscQjCU7IorMO0BA==",
      "dev": true
    }
  }
}
